// !$*UTF8*$!
{
	archiveVersion = 1;
	classes = {
	};
	objectVersion = 56;
	objects = {

/* Begin PBXBuildFile section */
		876C7DAE2A40AE0400EDE6DB /* DesafioJustaApp.swift in Sources */ = {isa = PBXBuildFile; fileRef = 876C7DAD2A40AE0400EDE6DB /* DesafioJustaApp.swift */; };
		876C7DB02A40AE0400EDE6DB /* DesafioJustaView.swift in Sources */ = {isa = PBXBuildFile; fileRef = 876C7DAF2A40AE0400EDE6DB /* DesafioJustaView.swift */; };
		876C7DB22A40AE0600EDE6DB /* Assets.xcassets in Resources */ = {isa = PBXBuildFile; fileRef = 876C7DB12A40AE0600EDE6DB /* Assets.xcassets */; };
		876C7DB52A40AE0600EDE6DB /* Preview Assets.xcassets in Resources */ = {isa = PBXBuildFile; fileRef = 876C7DB42A40AE0600EDE6DB /* Preview Assets.xcassets */; };
		876C7DBF2A40AE0600EDE6DB /* DesafioJustaTests.swift in Sources */ = {isa = PBXBuildFile; fileRef = 876C7DBE2A40AE0600EDE6DB /* DesafioJustaTests.swift */; };
		876C7DC92A40AE0600EDE6DB /* DesafioJustaUITests.swift in Sources */ = {isa = PBXBuildFile; fileRef = 876C7DC82A40AE0600EDE6DB /* DesafioJustaUITests.swift */; };
		876C7DCB2A40AE0600EDE6DB /* DesafioJustaUITestsLaunchTests.swift in Sources */ = {isa = PBXBuildFile; fileRef = 876C7DCA2A40AE0600EDE6DB /* DesafioJustaUITestsLaunchTests.swift */; };
		876C7DD82A40AE5700EDE6DB /* DesafioJustaViewModel.swift in Sources */ = {isa = PBXBuildFile; fileRef = 876C7DD72A40AE5700EDE6DB /* DesafioJustaViewModel.swift */; };
/* End PBXBuildFile section */

/* Begin PBXContainerItemProxy section */
		876C7DBB2A40AE0600EDE6DB /* PBXContainerItemProxy */ = {
			isa = PBXContainerItemProxy;
			containerPortal = 876C7DA22A40AE0400EDE6DB /* Project object */;
			proxyType = 1;
			remoteGlobalIDString = 876C7DA92A40AE0400EDE6DB;
			remoteInfo = DesafioJusta;
		};
		876C7DC52A40AE0600EDE6DB /* PBXContainerItemProxy */ = {
			isa = PBXContainerItemProxy;
			containerPortal = 876C7DA22A40AE0400EDE6DB /* Project object */;
			proxyType = 1;
			remoteGlobalIDString = 876C7DA92A40AE0400EDE6DB;
			remoteInfo = DesafioJusta;
		};
/* End PBXContainerItemProxy section */

/* Begin PBXFileReference section */
		876C7DAA2A40AE0400EDE6DB /* DesafioJusta.app */ = {isa = PBXFileReference; explicitFileType = wrapper.application; includeInIndex = 0; path = DesafioJusta.app; sourceTree = BUILT_PRODUCTS_DIR; };
		876C7DAD2A40AE0400EDE6DB /* DesafioJustaApp.swift */ = {isa = PBXFileReference; lastKnownFileType = sourcecode.swift; path = DesafioJustaApp.swift; sourceTree = "<group>"; };
		876C7DAF2A40AE0400EDE6DB /* DesafioJustaView.swift */ = {isa = PBXFileReference; lastKnownFileType = sourcecode.swift; path = DesafioJustaView.swift; sourceTree = "<group>"; };
		876C7DB12A40AE0600EDE6DB /* Assets.xcassets */ = {isa = PBXFileReference; lastKnownFileType = folder.assetcatalog; path = Assets.xcassets; sourceTree = "<group>"; };
		876C7DB42A40AE0600EDE6DB /* Preview Assets.xcassets */ = {isa = PBXFileReference; lastKnownFileType = folder.assetcatalog; path = "Preview Assets.xcassets"; sourceTree = "<group>"; };
		876C7DBA2A40AE0600EDE6DB /* DesafioJustaTests.xctest */ = {isa = PBXFileReference; explicitFileType = wrapper.cfbundle; includeInIndex = 0; path = DesafioJustaTests.xctest; sourceTree = BUILT_PRODUCTS_DIR; };
		876C7DBE2A40AE0600EDE6DB /* DesafioJustaTests.swift */ = {isa = PBXFileReference; lastKnownFileType = sourcecode.swift; path = DesafioJustaTests.swift; sourceTree = "<group>"; };
		876C7DC42A40AE0600EDE6DB /* DesafioJustaUITests.xctest */ = {isa = PBXFileReference; explicitFileType = wrapper.cfbundle; includeInIndex = 0; path = DesafioJustaUITests.xctest; sourceTree = BUILT_PRODUCTS_DIR; };
		876C7DC82A40AE0600EDE6DB /* DesafioJustaUITests.swift */ = {isa = PBXFileReference; lastKnownFileType = sourcecode.swift; path = DesafioJustaUITests.swift; sourceTree = "<group>"; };
		876C7DCA2A40AE0600EDE6DB /* DesafioJustaUITestsLaunchTests.swift */ = {isa = PBXFileReference; lastKnownFileType = sourcecode.swift; path = DesafioJustaUITestsLaunchTests.swift; sourceTree = "<group>"; };
		876C7DD72A40AE5700EDE6DB /* DesafioJustaViewModel.swift */ = {isa = PBXFileReference; lastKnownFileType = sourcecode.swift; path = DesafioJustaViewModel.swift; sourceTree = "<group>"; };
/* End PBXFileReference section */

/* Begin PBXFrameworksBuildPhase section */
		876C7DA72A40AE0400EDE6DB /* Frameworks */ = {
			isa = PBXFrameworksBuildPhase;
			buildActionMask = 2147483647;
			files = (
			);
			runOnlyForDeploymentPostprocessing = 0;
		};
		876C7DB72A40AE0600EDE6DB /* Frameworks */ = {
			isa = PBXFrameworksBuildPhase;
			buildActionMask = 2147483647;
			files = (
			);
			runOnlyForDeploymentPostprocessing = 0;
		};
		876C7DC12A40AE0600EDE6DB /* Frameworks */ = {
			isa = PBXFrameworksBuildPhase;
			buildActionMask = 2147483647;
			files = (
			);
			runOnlyForDeploymentPostprocessing = 0;
		};
/* End PBXFrameworksBuildPhase section */

/* Begin PBXGroup section */
		876C7DA12A40AE0400EDE6DB = {
			isa = PBXGroup;
			children = (
				876C7DAC2A40AE0400EDE6DB /* DesafioJusta */,
				876C7DB12A40AE0600EDE6DB /* Assets.xcassets */,
				876C7DBD2A40AE0600EDE6DB /* DesafioJustaTests */,
				876C7DC72A40AE0600EDE6DB /* DesafioJustaUITests */,
				876C7DAB2A40AE0400EDE6DB /* Products */,
			);
			sourceTree = "<group>";
		};
		876C7DAB2A40AE0400EDE6DB /* Products */ = {
			isa = PBXGroup;
			children = (
				876C7DAA2A40AE0400EDE6DB /* DesafioJusta.app */,
				876C7DBA2A40AE0600EDE6DB /* DesafioJustaTests.xctest */,
				876C7DC42A40AE0600EDE6DB /* DesafioJustaUITests.xctest */,
			);
			name = Products;
			sourceTree = "<group>";
		};
		876C7DAC2A40AE0400EDE6DB /* DesafioJusta */ = {
			isa = PBXGroup;
			children = (
				876C7DAD2A40AE0400EDE6DB /* DesafioJustaApp.swift */,
				876C7DD92A40AECA00EDE6DB /* View */,
				876C7DDA2A40AED000EDE6DB /* ViewModel */,
				876C7DB32A40AE0600EDE6DB /* Preview Content */,
			);
			path = DesafioJusta;
			sourceTree = "<group>";
		};
		876C7DB32A40AE0600EDE6DB /* Preview Content */ = {
			isa = PBXGroup;
			children = (
				876C7DB42A40AE0600EDE6DB /* Preview Assets.xcassets */,
			);
			path = "Preview Content";
			sourceTree = "<group>";
		};
		876C7DBD2A40AE0600EDE6DB /* DesafioJustaTests */ = {
			isa = PBXGroup;
			children = (
				876C7DBE2A40AE0600EDE6DB /* DesafioJustaTests.swift */,
			);
			path = DesafioJustaTests;
			sourceTree = "<group>";
		};
		876C7DC72A40AE0600EDE6DB /* DesafioJustaUITests */ = {
			isa = PBXGroup;
			children = (
				876C7DC82A40AE0600EDE6DB /* DesafioJustaUITests.swift */,
				876C7DCA2A40AE0600EDE6DB /* DesafioJustaUITestsLaunchTests.swift */,
			);
			path = DesafioJustaUITests;
			sourceTree = "<group>";
		};
		876C7DD92A40AECA00EDE6DB /* View */ = {
			isa = PBXGroup;
			children = (
				876C7DAF2A40AE0400EDE6DB /* DesafioJustaView.swift */,
			);
			path = View;
			sourceTree = "<group>";
		};
		876C7DDA2A40AED000EDE6DB /* ViewModel */ = {
			isa = PBXGroup;
			children = (
				876C7DD72A40AE5700EDE6DB /* DesafioJustaViewModel.swift */,
			);
			path = ViewModel;
			sourceTree = "<group>";
		};
/* End PBXGroup section */

/* Begin PBXNativeTarget section */
		876C7DA92A40AE0400EDE6DB /* DesafioJusta */ = {
			isa = PBXNativeTarget;
			buildConfigurationList = 876C7DCE2A40AE0600EDE6DB /* Build configuration list for PBXNativeTarget "DesafioJusta" */;
			buildPhases = (
				876C7DA62A40AE0400EDE6DB /* Sources */,
				876C7DA72A40AE0400EDE6DB /* Frameworks */,
				876C7DA82A40AE0400EDE6DB /* Resources */,
			);
			buildRules = (
			);
			dependencies = (
			);
			name = DesafioJusta;
			productName = DesafioJusta;
			productReference = 876C7DAA2A40AE0400EDE6DB /* DesafioJusta.app */;
			productType = "com.apple.product-type.application";
		};
		876C7DB92A40AE0600EDE6DB /* DesafioJustaTests */ = {
			isa = PBXNativeTarget;
			buildConfigurationList = 876C7DD12A40AE0600EDE6DB /* Build configuration list for PBXNativeTarget "DesafioJustaTests" */;
			buildPhases = (
				876C7DB62A40AE0600EDE6DB /* Sources */,
				876C7DB72A40AE0600EDE6DB /* Frameworks */,
				876C7DB82A40AE0600EDE6DB /* Resources */,
			);
			buildRules = (
			);
			dependencies = (
				876C7DBC2A40AE0600EDE6DB /* PBXTargetDependency */,
			);
			name = DesafioJustaTests;
			productName = DesafioJustaTests;
			productReference = 876C7DBA2A40AE0600EDE6DB /* DesafioJustaTests.xctest */;
			productType = "com.apple.product-type.bundle.unit-test";
		};
		876C7DC32A40AE0600EDE6DB /* DesafioJustaUITests */ = {
			isa = PBXNativeTarget;
			buildConfigurationList = 876C7DD42A40AE0600EDE6DB /* Build configuration list for PBXNativeTarget "DesafioJustaUITests" */;
			buildPhases = (
				876C7DC02A40AE0600EDE6DB /* Sources */,
				876C7DC12A40AE0600EDE6DB /* Frameworks */,
				876C7DC22A40AE0600EDE6DB /* Resources */,
			);
			buildRules = (
			);
			dependencies = (
				876C7DC62A40AE0600EDE6DB /* PBXTargetDependency */,
			);
			name = DesafioJustaUITests;
			productName = DesafioJustaUITests;
			productReference = 876C7DC42A40AE0600EDE6DB /* DesafioJustaUITests.xctest */;
			productType = "com.apple.product-type.bundle.ui-testing";
		};
/* End PBXNativeTarget section */

/* Begin PBXProject section */
		876C7DA22A40AE0400EDE6DB /* Project object */ = {
			isa = PBXProject;
			attributes = {
				BuildIndependentTargetsInParallel = 1;
				LastSwiftUpdateCheck = 1420;
				LastUpgradeCheck = 1420;
				TargetAttributes = {
					876C7DA92A40AE0400EDE6DB = {
						CreatedOnToolsVersion = 14.2;
					};
					876C7DB92A40AE0600EDE6DB = {
						CreatedOnToolsVersion = 14.2;
						TestTargetID = 876C7DA92A40AE0400EDE6DB;
					};
					876C7DC32A40AE0600EDE6DB = {
						CreatedOnToolsVersion = 14.2;
						TestTargetID = 876C7DA92A40AE0400EDE6DB;
					};
				};
			};
			buildConfigurationList = 876C7DA52A40AE0400EDE6DB /* Build configuration list for PBXProject "DesafioJusta" */;
			compatibilityVersion = "Xcode 14.0";
			developmentRegion = en;
			hasScannedForEncodings = 0;
			knownRegions = (
				en,
				Base,
			);
			mainGroup = 876C7DA12A40AE0400EDE6DB;
			productRefGroup = 876C7DAB2A40AE0400EDE6DB /* Products */;
			projectDirPath = "";
			projectRoot = "";
			targets = (
				876C7DA92A40AE0400EDE6DB /* DesafioJusta */,
				876C7DB92A40AE0600EDE6DB /* DesafioJustaTests */,
				876C7DC32A40AE0600EDE6DB /* DesafioJustaUITests */,
			);
		};
/* End PBXProject section */

/* Begin PBXResourcesBuildPhase section */
		876C7DA82A40AE0400EDE6DB /* Resources */ = {
			isa = PBXResourcesBuildPhase;
			buildActionMask = 2147483647;
			files = (
				876C7DB52A40AE0600EDE6DB /* Preview Assets.xcassets in Resources */,
				876C7DB22A40AE0600EDE6DB /* Assets.xcassets in Resources */,
			);
			runOnlyForDeploymentPostprocessing = 0;
		};
		876C7DB82A40AE0600EDE6DB /* Resources */ = {
			isa = PBXResourcesBuildPhase;
			buildActionMask = 2147483647;
			files = (
			);
			runOnlyForDeploymentPostprocessing = 0;
		};
		876C7DC22A40AE0600EDE6DB /* Resources */ = {
			isa = PBXResourcesBuildPhase;
			buildActionMask = 2147483647;
			files = (
			);
			runOnlyForDeploymentPostprocessing = 0;
		};
/* End PBXResourcesBuildPhase section */

/* Begin PBXSourcesBuildPhase section */
		876C7DA62A40AE0400EDE6DB /* Sources */ = {
			isa = PBXSourcesBuildPhase;
			buildActionMask = 2147483647;
			files = (
				876C7DB02A40AE0400EDE6DB /* DesafioJustaView.swift in Sources */,
				876C7DD82A40AE5700EDE6DB /* DesafioJustaViewModel.swift in Sources */,
				876C7DAE2A40AE0400EDE6DB /* DesafioJustaApp.swift in Sources */,
			);
			runOnlyForDeploymentPostprocessing = 0;
		};
		876C7DB62A40AE0600EDE6DB /* Sources */ = {
			isa = PBXSourcesBuildPhase;
			buildActionMask = 2147483647;
			files = (
				876C7DBF2A40AE0600EDE6DB /* DesafioJustaTests.swift in Sources */,
			);
			runOnlyForDeploymentPostprocessing = 0;
		};
		876C7DC02A40AE0600EDE6DB /* Sources */ = {
			isa = PBXSourcesBuildPhase;
			buildActionMask = 2147483647;
			files = (
				876C7DCB2A40AE0600EDE6DB /* DesafioJustaUITestsLaunchTests.swift in Sources */,
				876C7DC92A40AE0600EDE6DB /* DesafioJustaUITests.swift in Sources */,
			);
			runOnlyForDeploymentPostprocessing = 0;
		};
/* End PBXSourcesBuildPhase section */

/* Begin PBXTargetDependency section */
		876C7DBC2A40AE0600EDE6DB /* PBXTargetDependency */ = {
			isa = PBXTargetDependency;
			target = 876C7DA92A40AE0400EDE6DB /* DesafioJusta */;
			targetProxy = 876C7DBB2A40AE0600EDE6DB /* PBXContainerItemProxy */;
		};
		876C7DC62A40AE0600EDE6DB /* PBXTargetDependency */ = {
			isa = PBXTargetDependency;
			target = 876C7DA92A40AE0400EDE6DB /* DesafioJusta */;
			targetProxy = 876C7DC52A40AE0600EDE6DB /* PBXContainerItemProxy */;
		};
/* End PBXTargetDependency section */

/* Begin XCBuildConfiguration section */
		876C7DCC2A40AE0600EDE6DB /* Debug */ = {
			isa = XCBuildConfiguration;
			buildSettings = {
				ALWAYS_SEARCH_USER_PATHS = NO;
				CLANG_ANALYZER_NONNULL = YES;
				CLANG_ANALYZER_NUMBER_OBJECT_CONVERSION = YES_AGGRESSIVE;
				CLANG_CXX_LANGUAGE_STANDARD = "gnu++20";
				CLANG_ENABLE_MODULES = YES;
				CLANG_ENABLE_OBJC_ARC = YES;
				CLANG_ENABLE_OBJC_WEAK = YES;
				CLANG_WARN_BLOCK_CAPTURE_AUTORELEASING = YES;
				CLANG_WARN_BOOL_CONVERSION = YES;
				CLANG_WARN_COMMA = YES;
				CLANG_WARN_CONSTANT_CONVERSION = YES;
				CLANG_WARN_DEPRECATED_OBJC_IMPLEMENTATIONS = YES;
				CLANG_WARN_DIRECT_OBJC_ISA_USAGE = YES_ERROR;
				CLANG_WARN_DOCUMENTATION_COMMENTS = YES;
				CLANG_WARN_EMPTY_BODY = YES;
				CLANG_WARN_ENUM_CONVERSION = YES;
				CLANG_WARN_INFINITE_RECURSION = YES;
				CLANG_WARN_INT_CONVERSION = YES;
				CLANG_WARN_NON_LITERAL_NULL_CONVERSION = YES;
				CLANG_WARN_OBJC_IMPLICIT_RETAIN_SELF = YES;
				CLANG_WARN_OBJC_LITERAL_CONVERSION = YES;
				CLANG_WARN_OBJC_ROOT_CLASS = YES_ERROR;
				CLANG_WARN_QUOTED_INCLUDE_IN_FRAMEWORK_HEADER = YES;
				CLANG_WARN_RANGE_LOOP_ANALYSIS = YES;
				CLANG_WARN_STRICT_PROTOTYPES = YES;
				CLANG_WARN_SUSPICIOUS_MOVE = YES;
				CLANG_WARN_UNGUARDED_AVAILABILITY = YES_AGGRESSIVE;
				CLANG_WARN_UNREACHABLE_CODE = YES;
				CLANG_WARN__DUPLICATE_METHOD_MATCH = YES;
				COPY_PHASE_STRIP = NO;
				DEBUG_INFORMATION_FORMAT = dwarf;
				ENABLE_STRICT_OBJC_MSGSEND = YES;
				ENABLE_TESTABILITY = YES;
				GCC_C_LANGUAGE_STANDARD = gnu11;
				GCC_DYNAMIC_NO_PIC = NO;
				GCC_NO_COMMON_BLOCKS = YES;
				GCC_OPTIMIZATION_LEVEL = 0;
				GCC_PREPROCESSOR_DEFINITIONS = (
					"DEBUG=1",
					"$(inherited)",
				);
				GCC_WARN_64_TO_32_BIT_CONVERSION = YES;
				GCC_WARN_ABOUT_RETURN_TYPE = YES_ERROR;
				GCC_WARN_UNDECLARED_SELECTOR = YES;
				GCC_WARN_UNINITIALIZED_AUTOS = YES_AGGRESSIVE;
				GCC_WARN_UNUSED_FUNCTION = YES;
				GCC_WARN_UNUSED_VARIABLE = YES;
				IPHONEOS_DEPLOYMENT_TARGET = 16.2;
				MTL_ENABLE_DEBUG_INFO = INCLUDE_SOURCE;
				MTL_FAST_MATH = YES;
				ONLY_ACTIVE_ARCH = YES;
				SDKROOT = iphoneos;
				SWIFT_ACTIVE_COMPILATION_CONDITIONS = DEBUG;
				SWIFT_OPTIMIZATION_LEVEL = "-Onone";
			};
			name = Debug;
		};
		876C7DCD2A40AE0600EDE6DB /* Release */ = {
			isa = XCBuildConfiguration;
			buildSettings = {
				ALWAYS_SEARCH_USER_PATHS = NO;
				CLANG_ANALYZER_NONNULL = YES;
				CLANG_ANALYZER_NUMBER_OBJECT_CONVERSION = YES_AGGRESSIVE;
				CLANG_CXX_LANGUAGE_STANDARD = "gnu++20";
				CLANG_ENABLE_MODULES = YES;
				CLANG_ENABLE_OBJC_ARC = YES;
				CLANG_ENABLE_OBJC_WEAK = YES;
				CLANG_WARN_BLOCK_CAPTURE_AUTORELEASING = YES;
				CLANG_WARN_BOOL_CONVERSION = YES;
				CLANG_WARN_COMMA = YES;
				CLANG_WARN_CONSTANT_CONVERSION = YES;
				CLANG_WARN_DEPRECATED_OBJC_IMPLEMENTATIONS = YES;
				CLANG_WARN_DIRECT_OBJC_ISA_USAGE = YES_ERROR;
				CLANG_WARN_DOCUMENTATION_COMMENTS = YES;
				CLANG_WARN_EMPTY_BODY = YES;
				CLANG_WARN_ENUM_CONVERSION = YES;
				CLANG_WARN_INFINITE_RECURSION = YES;
				CLANG_WARN_INT_CONVERSION = YES;
				CLANG_WARN_NON_LITERAL_NULL_CONVERSION = YES;
				CLANG_WARN_OBJC_IMPLICIT_RETAIN_SELF = YES;
				CLANG_WARN_OBJC_LITERAL_CONVERSION = YES;
				CLANG_WARN_OBJC_ROOT_CLASS = YES_ERROR;
				CLANG_WARN_QUOTED_INCLUDE_IN_FRAMEWORK_HEADER = YES;
				CLANG_WARN_RANGE_LOOP_ANALYSIS = YES;
				CLANG_WARN_STRICT_PROTOTYPES = YES;
				CLANG_WARN_SUSPICIOUS_MOVE = YES;
				CLANG_WARN_UNGUARDED_AVAILABILITY = YES_AGGRESSIVE;
				CLANG_WARN_UNREACHABLE_CODE = YES;
				CLANG_WARN__DUPLICATE_METHOD_MATCH = YES;
				COPY_PHASE_STRIP = NO;
				DEBUG_INFORMATION_FORMAT = "dwarf-with-dsym";
				ENABLE_NS_ASSERTIONS = NO;
				ENABLE_STRICT_OBJC_MSGSEND = YES;
				GCC_C_LANGUAGE_STANDARD = gnu11;
				GCC_NO_COMMON_BLOCKS = YES;
				GCC_WARN_64_TO_32_BIT_CONVERSION = YES;
				GCC_WARN_ABOUT_RETURN_TYPE = YES_ERROR;
				GCC_WARN_UNDECLARED_SELECTOR = YES;
				GCC_WARN_UNINITIALIZED_AUTOS = YES_AGGRESSIVE;
				GCC_WARN_UNUSED_FUNCTION = YES;
				GCC_WARN_UNUSED_VARIABLE = YES;
				IPHONEOS_DEPLOYMENT_TARGET = 16.2;
				MTL_ENABLE_DEBUG_INFO = NO;
				MTL_FAST_MATH = YES;
				SDKROOT = iphoneos;
				SWIFT_COMPILATION_MODE = wholemodule;
				SWIFT_OPTIMIZATION_LEVEL = "-O";
				VALIDATE_PRODUCT = YES;
			};
			name = Release;
		};
		876C7DCF2A40AE0600EDE6DB /* Debug */ = {
			isa = XCBuildConfiguration;
			buildSettings = {
				ASSETCATALOG_COMPILER_APPICON_NAME = AppIcon;
				ASSETCATALOG_COMPILER_GLOBAL_ACCENT_COLOR_NAME = AccentColor;
				CODE_SIGN_STYLE = Automatic;
				CURRENT_PROJECT_VERSION = 1;
				DEVELOPMENT_ASSET_PATHS = "\"DesafioJusta/Preview Content\"";
				DEVELOPMENT_TEAM = UP4Y8BTNJW;
				ENABLE_PREVIEWS = YES;
				GENERATE_INFOPLIST_FILE = YES;
				INFOPLIST_KEY_UIApplicationSceneManifest_Generation = YES;
				INFOPLIST_KEY_UIApplicationSupportsIndirectInputEvents = YES;
				INFOPLIST_KEY_UILaunchScreen_Generation = YES;
				INFOPLIST_KEY_UISupportedInterfaceOrientations_iPad = "UIInterfaceOrientationPortrait UIInterfaceOrientationPortraitUpsideDown UIInterfaceOrientationLandscapeLeft UIInterfaceOrientationLandscapeRight";
				INFOPLIST_KEY_UISupportedInterfaceOrientations_iPhone = "UIInterfaceOrientationPortrait UIInterfaceOrientationLandscapeLeft UIInterfaceOrientationLandscapeRight";
				LD_RUNPATH_SEARCH_PATHS = (
					"$(inherited)",
					"@executable_path/Frameworks",
				);
				MARKETING_VERSION = 1.0;
				PRODUCT_BUNDLE_IDENTIFIER = DesafioJusta.DesafioJusta;
				PRODUCT_NAME = "$(TARGET_NAME)";
				SWIFT_EMIT_LOC_STRINGS = YES;
				SWIFT_VERSION = 5.0;
				TARGETED_DEVICE_FAMILY = "1,2";
			};
			name = Debug;
		};
		876C7DD02A40AE0600EDE6DB /* Release */ = {
			isa = XCBuildConfiguration;
			buildSettings = {
				ASSETCATALOG_COMPILER_APPICON_NAME = AppIcon;
				ASSETCATALOG_COMPILER_GLOBAL_ACCENT_COLOR_NAME = AccentColor;
				CODE_SIGN_STYLE = Automatic;
				CURRENT_PROJECT_VERSION = 1;
				DEVELOPMENT_ASSET_PATHS = "\"DesafioJusta/Preview Content\"";
				DEVELOPMENT_TEAM = UP4Y8BTNJW;
				ENABLE_PREVIEWS = YES;
				GENERATE_INFOPLIST_FILE = YES;
				INFOPLIST_KEY_UIApplicationSceneManifest_Generation = YES;
				INFOPLIST_KEY_UIApplicationSupportsIndirectInputEvents = YES;
				INFOPLIST_KEY_UILaunchScreen_Generation = YES;
				INFOPLIST_KEY_UISupportedInterfaceOrientations_iPad = "UIInterfaceOrientationPortrait UIInterfaceOrientationPortraitUpsideDown UIInterfaceOrientationLandscapeLeft UIInterfaceOrientationLandscapeRight";
				INFOPLIST_KEY_UISupportedInterfaceOrientations_iPhone = "UIInterfaceOrientationPortrait UIInterfaceOrientationLandscapeLeft UIInterfaceOrientationLandscapeRight";
				LD_RUNPATH_SEARCH_PATHS = (
					"$(inherited)",
					"@executable_path/Frameworks",
				);
				MARKETING_VERSION = 1.0;
				PRODUCT_BUNDLE_IDENTIFIER = DesafioJusta.DesafioJusta;
				PRODUCT_NAME = "$(TARGET_NAME)";
				SWIFT_EMIT_LOC_STRINGS = YES;
				SWIFT_VERSION = 5.0;
				TARGETED_DEVICE_FAMILY = "1,2";
			};
			name = Release;
		};
		876C7DD22A40AE0600EDE6DB /* Debug */ = {
			isa = XCBuildConfiguration;
			buildSettings = {
				ALWAYS_EMBED_SWIFT_STANDARD_LIBRARIES = YES;
				BUNDLE_LOADER = "$(TEST_HOST)";
				CODE_SIGN_STYLE = Automatic;
				CURRENT_PROJECT_VERSION = 1;
				DEVELOPMENT_TEAM = UP4Y8BTNJW;
				GENERATE_INFOPLIST_FILE = YES;
				IPHONEOS_DEPLOYMENT_TARGET = 16.2;
				MARKETING_VERSION = 1.0;
				PRODUCT_BUNDLE_IDENTIFIER = DesafioJusta.DesafioJustaTests;
				PRODUCT_NAME = "$(TARGET_NAME)";
				SWIFT_EMIT_LOC_STRINGS = NO;
				SWIFT_VERSION = 5.0;
				TARGETED_DEVICE_FAMILY = "1,2";
				TEST_HOST = "$(BUILT_PRODUCTS_DIR)/DesafioJusta.app/$(BUNDLE_EXECUTABLE_FOLDER_PATH)/DesafioJusta";
			};
			name = Debug;
		};
		876C7DD32A40AE0600EDE6DB /* Release */ = {
			isa = XCBuildConfiguration;
			buildSettings = {
				ALWAYS_EMBED_SWIFT_STANDARD_LIBRARIES = YES;
				BUNDLE_LOADER = "$(TEST_HOST)";
				CODE_SIGN_STYLE = Automatic;
				CURRENT_PROJECT_VERSION = 1;
				DEVELOPMENT_TEAM = UP4Y8BTNJW;
				GENERATE_INFOPLIST_FILE = YES;
				IPHONEOS_DEPLOYMENT_TARGET = 16.2;
				MARKETING_VERSION = 1.0;
				PRODUCT_BUNDLE_IDENTIFIER = DesafioJusta.DesafioJustaTests;
				PRODUCT_NAME = "$(TARGET_NAME)";
				SWIFT_EMIT_LOC_STRINGS = NO;
				SWIFT_VERSION = 5.0;
				TARGETED_DEVICE_FAMILY = "1,2";
				TEST_HOST = "$(BUILT_PRODUCTS_DIR)/DesafioJusta.app/$(BUNDLE_EXECUTABLE_FOLDER_PATH)/DesafioJusta";
			};
			name = Release;
		};
		876C7DD52A40AE0600EDE6DB /* Debug */ = {
			isa = XCBuildConfiguration;
			buildSettings = {
				ALWAYS_EMBED_SWIFT_STANDARD_LIBRARIES = YES;
				CODE_SIGN_STYLE = Automatic;
				CURRENT_PROJECT_VERSION = 1;
				DEVELOPMENT_TEAM = UP4Y8BTNJW;
				GENERATE_INFOPLIST_FILE = YES;
				MARKETING_VERSION = 1.0;
				PRODUCT_BUNDLE_IDENTIFIER = DesafioJusta.DesafioJustaUITests;
				PRODUCT_NAME = "$(TARGET_NAME)";
				SWIFT_EMIT_LOC_STRINGS = NO;
				SWIFT_VERSION = 5.0;
				TARGETED_DEVICE_FAMILY = "1,2";
				TEST_TARGET_NAME = DesafioJusta;
			};
			name = Debug;
		};
		876C7DD62A40AE0600EDE6DB /* Release */ = {
			isa = XCBuildConfiguration;
			buildSettings = {
				ALWAYS_EMBED_SWIFT_STANDARD_LIBRARIES = YES;
				CODE_SIGN_STYLE = Automatic;
				CURRENT_PROJECT_VERSION = 1;
				DEVELOPMENT_TEAM = UP4Y8BTNJW;
				GENERATE_INFOPLIST_FILE = YES;
				MARKETING_VERSION = 1.0;
				PRODUCT_BUNDLE_IDENTIFIER = DesafioJusta.DesafioJustaUITests;
				PRODUCT_NAME = "$(TARGET_NAME)";
				SWIFT_EMIT_LOC_STRINGS = NO;
				SWIFT_VERSION = 5.0;
				TARGETED_DEVICE_FAMILY = "1,2";
				TEST_TARGET_NAME = DesafioJusta;
			};
			name = Release;
		};
/* End XCBuildConfiguration section */

/* Begin XCConfigurationList section */
		876C7DA52A40AE0400EDE6DB /* Build configuration list for PBXProject "DesafioJusta" */ = {
			isa = XCConfigurationList;
			buildConfigurations = (
				876C7DCC2A40AE0600EDE6DB /* Debug */,
				876C7DCD2A40AE0600EDE6DB /* Release */,
			);
			defaultConfigurationIsVisible = 0;
			defaultConfigurationName = Release;
		};
		876C7DCE2A40AE0600EDE6DB /* Build configuration list for PBXNativeTarget "DesafioJusta" */ = {
			isa = XCConfigurationList;
			buildConfigurations = (
				876C7DCF2A40AE0600EDE6DB /* Debug */,
				876C7DD02A40AE0600EDE6DB /* Release */,
			);
			defaultConfigurationIsVisible = 0;
			defaultConfigurationName = Release;
		};
		876C7DD12A40AE0600EDE6DB /* Build configuration list for PBXNativeTarget "DesafioJustaTests" */ = {
			isa = XCConfigurationList;
			buildConfigurations = (
				876C7DD22A40AE0600EDE6DB /* Debug */,
				876C7DD32A40AE0600EDE6DB /* Release */,
			);
			defaultConfigurationIsVisible = 0;
			defaultConfigurationName = Release;
		};
		876C7DD42A40AE0600EDE6DB /* Build configuration list for PBXNativeTarget "DesafioJustaUITests" */ = {
			isa = XCConfigurationList;
			buildConfigurations = (
				876C7DD52A40AE0600EDE6DB /* Debug */,
				876C7DD62A40AE0600EDE6DB /* Release */,
			);
			defaultConfigurationIsVisible = 0;
			defaultConfigurationName = Release;
		};
/* End XCConfigurationList section */
	};
	rootObject = 876C7DA22A40AE0400EDE6DB /* Project object */;
}
